{
  "name": "ET-bazy",
  "lockfileVersion": 2,
  "requires": true,
  "packages": {
    "": {
      "dependencies": {
        "react-infinite-scroll-hook": "^4.0.3"
      }
    },
    "node_modules/js-tokens": {
      "version": "4.0.0",
      "resolved": "https://registry.npmjs.org/js-tokens/-/js-tokens-4.0.0.tgz",
      "integrity": "sha512-RdJUflcE3cUzKiMqQgsCu06FPu9UdIJO0beYbPhHN4k6apgJtifcoCtT9bcxOpYBtpD2kCM6Sbzg4CausW/PKQ==",
      "peer": true
    },
    "node_modules/loose-envify": {
      "version": "1.4.0",
      "resolved": "https://registry.npmjs.org/loose-envify/-/loose-envify-1.4.0.tgz",
      "integrity": "sha512-lyuxPGr/Wfhrlem2CL/UcnUc1zcqKAImBDzukY7Y5F/yQiNdko6+fRLevlw1HgMySw7f611UIY408EtxRSoK3Q==",
      "peer": true,
      "dependencies": {
        "js-tokens": "^3.0.0 || ^4.0.0"
      },
      "bin": {
        "loose-envify": "cli.js"
      }
    },
    "node_modules/react": {
      "version": "18.1.0",
      "resolved": "https://registry.npmjs.org/react/-/react-18.1.0.tgz",
      "integrity": "sha512-4oL8ivCz5ZEPyclFQXaNksK3adutVS8l2xzZU0cqEFrE9Sb7fC0EFK5uEk74wIreL1DERyjvsU915j1pcT2uEQ==",
      "peer": true,
      "dependencies": {
        "loose-envify": "^1.1.0"
      },
      "engines": {
        "node": ">=0.10.0"
      }
    },
    "node_modules/react-infinite-scroll-hook": {
      "version": "4.0.3",
      "resolved": "https://registry.npmjs.org/react-infinite-scroll-hook/-/react-infinite-scroll-hook-4.0.3.tgz",
      "integrity": "sha512-5B3YuWODFq9j2m1J+Shk24QR2WDV0U9oQAaxR8ddFge8oC8Ls54EmkQxwelOjyv1jub4bP0jjSK7v+fM5QwWmg==",
      "dependencies": {
        "react-intersection-observer-hook": "^2.0.4"
      },
      "engines": {
        "node": ">=10"
      },
      "peerDependencies": {
        "react": ">=16.8.0"
      }
    },
    "node_modules/react-intersection-observer-hook": {
      "version": "2.0.4",
      "resolved": "https://registry.npmjs.org/react-intersection-observer-hook/-/react-intersection-observer-hook-2.0.4.tgz",
      "integrity": "sha512-bBZSuv5+CNAH3eA5U52McmkR/Obn23igBL3/MuYzlRvALrweSxqvT35cwWnaFkqUh6SjvYRfJncDpaqejAr9oA==",
      "peerDependencies": {
        "react": ">=16.8.0"
      }
    }
  },
  "dependencies": {
    "js-tokens": {
      "version": "4.0.0",
      "resolved": "https://registry.npmjs.org/js-tokens/-/js-tokens-4.0.0.tgz",
      "integrity": "sha512-RdJUflcE3cUzKiMqQgsCu06FPu9UdIJO0beYbPhHN4k6apgJtifcoCtT9bcxOpYBtpD2kCM6Sbzg4CausW/PKQ==",
      "peer": true
    },
    "loose-envify": {
      "version": "1.4.0",
      "resolved": "https://registry.npmjs.org/loose-envify/-/loose-envify-1.4.0.tgz",
      "integrity": "sha512-lyuxPGr/Wfhrlem2CL/UcnUc1zcqKAImBDzukY7Y5F/yQiNdko6+fRLevlw1HgMySw7f611UIY408EtxRSoK3Q==",
      "peer": true,
      "requires": {
        "js-tokens": "^3.0.0 || ^4.0.0"
      }
    },
    "react": {
      "version": "18.1.0",
      "resolved": "https://registry.npmjs.org/react/-/react-18.1.0.tgz",
      "integrity": "sha512-4oL8ivCz5ZEPyclFQXaNksK3adutVS8l2xzZU0cqEFrE9Sb7fC0EFK5uEk74wIreL1DERyjvsU915j1pcT2uEQ==",
      "peer": true,
      "requires": {
        "loose-envify": "^1.1.0"
      }
    },
    "react-infinite-scroll-hook": {
      "version": "4.0.3",
      "resolved": "https://registry.npmjs.org/react-infinite-scroll-hook/-/react-infinite-scroll-hook-4.0.3.tgz",
      "integrity": "sha512-5B3YuWODFq9j2m1J+Shk24QR2WDV0U9oQAaxR8ddFge8oC8Ls54EmkQxwelOjyv1jub4bP0jjSK7v+fM5QwWmg==",
      "requires": {
        "react-intersection-observer-hook": "^2.0.4"
      }
    },
    "react-intersection-observer-hook": {
      "version": "2.0.4",
      "resolved": "https://registry.npmjs.org/react-intersection-observer-hook/-/react-intersection-observer-hook-2.0.4.tgz",
      "integrity": "sha512-bBZSuv5+CNAH3eA5U52McmkR/Obn23igBL3/MuYzlRvALrweSxqvT35cwWnaFkqUh6SjvYRfJncDpaqejAr9oA==",
      "requires": {}
    }
  }
}
